{
  "requires": true,
  "lockfileVersion": 1,
  "dependencies": {
    "vue-cli-plugin-fontawesome": {
      "version": "0.2.0",
      "resolved": "https://registry.npmjs.org/vue-cli-plugin-fontawesome/-/vue-cli-plugin-fontawesome-0.2.0.tgz",
      "integrity": "sha512-/4DzKldf4e6CcZ1E3hO19ZFVX36DqjewCytzXekpBL74KFcpWAFaAZEJkisPfMVsalbVn6AOk27VOA8nfnZAFg==",
      "dev": true
    }
  }
}
